// !$*UTF8*$!
{
	archiveVersion = 1;
	classes = {
	};
	objectVersion = 56;
	objects = {

/* Begin PBXBuildFile section */
		E479FB422B27436800A4EEDB /* ImprovedCombineApp.swift in Sources */ = {isa = PBXBuildFile; fileRef = E479FB412B27436800A4EEDB /* ImprovedCombineApp.swift */; };
		E479FB442B27436800A4EEDB /* ImprovedCombineView.swift in Sources */ = {isa = PBXBuildFile; fileRef = E479FB432B27436800A4EEDB /* ImprovedCombineView.swift */; };
		E479FB462B27436900A4EEDB /* Assets.xcassets in Resources */ = {isa = PBXBuildFile; fileRef = E479FB452B27436900A4EEDB /* Assets.xcassets */; };
		E479FB492B27436900A4EEDB /* Preview Assets.xcassets in Resources */ = {isa = PBXBuildFile; fileRef = E479FB482B27436900A4EEDB /* Preview Assets.xcassets */; };
		E479FB522B27449900A4EEDB /* ImprovedCombineViewModel.swift in Sources */ = {isa = PBXBuildFile; fileRef = E479FB512B27449900A4EEDB /* ImprovedCombineViewModel.swift */; };
		E479FB542B27451000A4EEDB /* ImprovedCombineDataService.swift in Sources */ = {isa = PBXBuildFile; fileRef = E479FB532B27451000A4EEDB /* ImprovedCombineDataService.swift */; };
/* End PBXBuildFile section */

/* Begin PBXFileReference section */
		E479FB3E2B27436800A4EEDB /* ImprovedCombine.app */ = {isa = PBXFileReference; explicitFileType = wrapper.application; includeInIndex = 0; path = ImprovedCombine.app; sourceTree = BUILT_PRODUCTS_DIR; };
		E479FB412B27436800A4EEDB /* ImprovedCombineApp.swift */ = {isa = PBXFileReference; lastKnownFileType = sourcecode.swift; path = ImprovedCombineApp.swift; sourceTree = "<group>"; };
		E479FB432B27436800A4EEDB /* ImprovedCombineView.swift */ = {isa = PBXFileReference; lastKnownFileType = sourcecode.swift; path = ImprovedCombineView.swift; sourceTree = "<group>"; };
		E479FB452B27436900A4EEDB /* Assets.xcassets */ = {isa = PBXFileReference; lastKnownFileType = folder.assetcatalog; path = Assets.xcassets; sourceTree = "<group>"; };
		E479FB482B27436900A4EEDB /* Preview Assets.xcassets */ = {isa = PBXFileReference; lastKnownFileType = folder.assetcatalog; path = "Preview Assets.xcassets"; sourceTree = "<group>"; };
		E479FB512B27449900A4EEDB /* ImprovedCombineViewModel.swift */ = {isa = PBXFileReference; lastKnownFileType = sourcecode.swift; path = ImprovedCombineViewModel.swift; sourceTree = "<group>"; };
		E479FB532B27451000A4EEDB /* ImprovedCombineDataService.swift */ = {isa = PBXFileReference; lastKnownFileType = sourcecode.swift; path = ImprovedCombineDataService.swift; sourceTree = "<group>"; };
/* End PBXFileReference section */

/* Begin PBXFrameworksBuildPhase section */
		E479FB3B2B27436800A4EEDB /* Frameworks */ = {
			isa = PBXFrameworksBuildPhase;
			buildActionMask = 2147483647;
			files = (
			);
			runOnlyForDeploymentPostprocessing = 0;
		};
/* End PBXFrameworksBuildPhase section */

/* Begin PBXGroup section */
		E479FB352B27436800A4EEDB = {
			isa = PBXGroup;
			children = (
				E479FB402B27436800A4EEDB /* ImprovedCombine */,
				E479FB3F2B27436800A4EEDB /* Products */,
			);
			sourceTree = "<group>";
		};
		E479FB3F2B27436800A4EEDB /* Products */ = {
			isa = PBXGroup;
			children = (
				E479FB3E2B27436800A4EEDB /* ImprovedCombine.app */,
			);
			name = Products;
			sourceTree = "<group>";
		};
		E479FB402B27436800A4EEDB /* ImprovedCombine */ = {
			isa = PBXGroup;
			children = (
				E479FB412B27436800A4EEDB /* ImprovedCombineApp.swift */,
				E479FB572B27454E00A4EEDB /* Model */,
				E479FB562B27454500A4EEDB /* ViewModel */,
				E479FB552B27452600A4EEDB /* View */,
				E479FB452B27436900A4EEDB /* Assets.xcassets */,
				E479FB472B27436900A4EEDB /* Preview Content */,
			);
			path = ImprovedCombine;
			sourceTree = "<group>";
		};
		E479FB472B27436900A4EEDB /* Preview Content */ = {
			isa = PBXGroup;
			children = (
				E479FB482B27436900A4EEDB /* Preview Assets.xcassets */,
			);
			path = "Preview Content";
			sourceTree = "<group>";
		};
		E479FB552B27452600A4EEDB /* View */ = {
			isa = PBXGroup;
			children = (
				E479FB432B27436800A4EEDB /* ImprovedCombineView.swift */,
			);
			path = View;
			sourceTree = "<group>";
		};
		E479FB562B27454500A4EEDB /* ViewModel */ = {
			isa = PBXGroup;
			children = (
				E479FB512B27449900A4EEDB /* ImprovedCombineViewModel.swift */,
			);
			path = ViewModel;
			sourceTree = "<group>";
		};
		E479FB572B27454E00A4EEDB /* Model */ = {
			isa = PBXGroup;
			children = (
				E479FB532B27451000A4EEDB /* ImprovedCombineDataService.swift */,
			);
			path = Model;
			sourceTree = "<group>";
		};
/* End PBXGroup section */

/* Begin PBXNativeTarget section */
		E479FB3D2B27436800A4EEDB /* ImprovedCombine */ = {
			isa = PBXNativeTarget;
			buildConfigurationList = E479FB4C2B27436900A4EEDB /* Build configuration list for PBXNativeTarget "ImprovedCombine" */;
			buildPhases = (
				E479FB3A2B27436800A4EEDB /* Sources */,
				E479FB3B2B27436800A4EEDB /* Frameworks */,
				E479FB3C2B27436800A4EEDB /* Resources */,
			);
			buildRules = (
			);
			dependencies = (
			);
			name = ImprovedCombine;
			productName = ImprovedCombine;
			productReference = E479FB3E2B27436800A4EEDB /* ImprovedCombine.app */;
			productType = "com.apple.product-type.application";
		};
/* End PBXNativeTarget section */

/* Begin PBXProject section */
		E479FB362B27436800A4EEDB /* Project object */ = {
			isa = PBXProject;
			attributes = {
				BuildIndependentTargetsInParallel = 1;
				LastSwiftUpdateCheck = 1500;
				LastUpgradeCheck = 1500;
				TargetAttributes = {
					E479FB3D2B27436800A4EEDB = {
						CreatedOnToolsVersion = 15.0.1;
					};
				};
			};
			buildConfigurationList = E479FB392B27436800A4EEDB /* Build configuration list for PBXProject "ImprovedCombine" */;
			compatibilityVersion = "Xcode 14.0";
			developmentRegion = en;
			hasScannedForEncodings = 0;
			knownRegions = (
				en,
				Base,
			);
			mainGroup = E479FB352B27436800A4EEDB;
			productRefGroup = E479FB3F2B27436800A4EEDB /* Products */;
			projectDirPath = "";
			projectRoot = "";
			targets = (
				E479FB3D2B27436800A4EEDB /* ImprovedCombine */,
			);
		};
/* End PBXProject section */

/* Begin PBXResourcesBuildPhase section */
		E479FB3C2B27436800A4EEDB /* Resources */ = {
			isa = PBXResourcesBuildPhase;
			buildActionMask = 2147483647;
			files = (
				E479FB492B27436900A4EEDB /* Preview Assets.xcassets in Resources */,
				E479FB462B27436900A4EEDB /* Assets.xcassets in Resources */,
			);
			runOnlyForDeploymentPostprocessing = 0;
		};
/* End PBXResourcesBuildPhase section */

/* Begin PBXSourcesBuildPhase section */
		E479FB3A2B27436800A4EEDB /* Sources */ = {
			isa = PBXSourcesBuildPhase;
			buildActionMask = 2147483647;
			files = (
				E479FB522B27449900A4EEDB /* ImprovedCombineViewModel.swift in Sources */,
				E479FB442B27436800A4EEDB /* ImprovedCombineView.swift in Sources */,
				E479FB542B27451000A4EEDB /* ImprovedCombineDataService.swift in Sources */,
				E479FB422B27436800A4EEDB /* ImprovedCombineApp.swift in Sources */,
			);
			runOnlyForDeploymentPostprocessing = 0;
		};
/* End PBXSourcesBuildPhase section */

/* Begin XCBuildConfiguration section */
		E479FB4A2B27436900A4EEDB /* Debug */ = {
			isa = XCBuildConfiguration;
			buildSettings = {
				ALWAYS_SEARCH_USER_PATHS = NO;
				ASSETCATALOG_COMPILER_GENERATE_SWIFT_ASSET_SYMBOL_EXTENSIONS = YES;
				CLANG_ANALYZER_NONNULL = YES;
				CLANG_ANALYZER_NUMBER_OBJECT_CONVERSION = YES_AGGRESSIVE;
				CLANG_CXX_LANGUAGE_STANDARD = "gnu++20";
				CLANG_ENABLE_MODULES = YES;
				CLANG_ENABLE_OBJC_ARC = YES;
				CLANG_ENABLE_OBJC_WEAK = YES;
				CLANG_WARN_BLOCK_CAPTURE_AUTORELEASING = YES;
				CLANG_WARN_BOOL_CONVERSION = YES;
				CLANG_WARN_COMMA = YES;
				CLANG_WARN_CONSTANT_CONVERSION = YES;
				CLANG_WARN_DEPRECATED_OBJC_IMPLEMENTATIONS = YES;
				CLANG_WARN_DIRECT_OBJC_ISA_USAGE = YES_ERROR;
				CLANG_WARN_DOCUMENTATION_COMMENTS = YES;
				CLANG_WARN_EMPTY_BODY = YES;
				CLANG_WARN_ENUM_CONVERSION = YES;
				CLANG_WARN_INFINITE_RECURSION = YES;
				CLANG_WARN_INT_CONVERSION = YES;
				CLANG_WARN_NON_LITERAL_NULL_CONVERSION = YES;
				CLANG_WARN_OBJC_IMPLICIT_RETAIN_SELF = YES;
				CLANG_WARN_OBJC_LITERAL_CONVERSION = YES;
				CLANG_WARN_OBJC_ROOT_CLASS = YES_ERROR;
				CLANG_WARN_QUOTED_INCLUDE_IN_FRAMEWORK_HEADER = YES;
				CLANG_WARN_RANGE_LOOP_ANALYSIS = YES;
				CLANG_WARN_STRICT_PROTOTYPES = YES;
				CLANG_WARN_SUSPICIOUS_MOVE = YES;
				CLANG_WARN_UNGUARDED_AVAILABILITY = YES_AGGRESSIVE;
				CLANG_WARN_UNREACHABLE_CODE = YES;
				CLANG_WARN__DUPLICATE_METHOD_MATCH = YES;
				COPY_PHASE_STRIP = NO;
				DEBUG_INFORMATION_FORMAT = dwarf;
				ENABLE_STRICT_OBJC_MSGSEND = YES;
				ENABLE_TESTABILITY = YES;
				ENABLE_USER_SCRIPT_SANDBOXING = YES;
				GCC_C_LANGUAGE_STANDARD = gnu17;
				GCC_DYNAMIC_NO_PIC = NO;
				GCC_NO_COMMON_BLOCKS = YES;
				GCC_OPTIMIZATION_LEVEL = 0;
				GCC_PREPROCESSOR_DEFINITIONS = (
					"DEBUG=1",
					"$(inherited)",
				);
				GCC_WARN_64_TO_32_BIT_CONVERSION = YES;
				GCC_WARN_ABOUT_RETURN_TYPE = YES_ERROR;
				GCC_WARN_UNDECLARED_SELECTOR = YES;
				GCC_WARN_UNINITIALIZED_AUTOS = YES_AGGRESSIVE;
				GCC_WARN_UNUSED_FUNCTION = YES;
				GCC_WARN_UNUSED_VARIABLE = YES;
				IPHONEOS_DEPLOYMENT_TARGET = 17.0;
				LOCALIZATION_PREFERS_STRING_CATALOGS = YES;
				MTL_ENABLE_DEBUG_INFO = INCLUDE_SOURCE;
				MTL_FAST_MATH = YES;
				ONLY_ACTIVE_ARCH = YES;
				SDKROOT = iphoneos;
				SWIFT_ACTIVE_COMPILATION_CONDITIONS = "DEBUG $(inherited)";
				SWIFT_OPTIMIZATION_LEVEL = "-Onone";
			};
			name = Debug;
		};
		E479FB4B2B27436900A4EEDB /* Release */ = {
			isa = XCBuildConfiguration;
			buildSettings = {
				ALWAYS_SEARCH_USER_PATHS = NO;
				ASSETCATALOG_COMPILER_GENERATE_SWIFT_ASSET_SYMBOL_EXTENSIONS = YES;
				CLANG_ANALYZER_NONNULL = YES;
				CLANG_ANALYZER_NUMBER_OBJECT_CONVERSION = YES_AGGRESSIVE;
				CLANG_CXX_LANGUAGE_STANDARD = "gnu++20";
				CLANG_ENABLE_MODULES = YES;
				CLANG_ENABLE_OBJC_ARC = YES;
				CLANG_ENABLE_OBJC_WEAK = YES;
				CLANG_WARN_BLOCK_CAPTURE_AUTORELEASING = YES;
				CLANG_WARN_BOOL_CONVERSION = YES;
				CLANG_WARN_COMMA = YES;
				CLANG_WARN_CONSTANT_CONVERSION = YES;
				CLANG_WARN_DEPRECATED_OBJC_IMPLEMENTATIONS = YES;
				CLANG_WARN_DIRECT_OBJC_ISA_USAGE = YES_ERROR;
				CLANG_WARN_DOCUMENTATION_COMMENTS = YES;
				CLANG_WARN_EMPTY_BODY = YES;
				CLANG_WARN_ENUM_CONVERSION = YES;
				CLANG_WARN_INFINITE_RECURSION = YES;
				CLANG_WARN_INT_CONVERSION = YES;
				CLANG_WARN_NON_LITERAL_NULL_CONVERSION = YES;
				CLANG_WARN_OBJC_IMPLICIT_RETAIN_SELF = YES;
				CLANG_WARN_OBJC_LITERAL_CONVERSION = YES;
				CLANG_WARN_OBJC_ROOT_CLASS = YES_ERROR;
				CLANG_WARN_QUOTED_INCLUDE_IN_FRAMEWORK_HEADER = YES;
				CLANG_WARN_RANGE_LOOP_ANALYSIS = YES;
				CLANG_WARN_STRICT_PROTOTYPES = YES;
				CLANG_WARN_SUSPICIOUS_MOVE = YES;
				CLANG_WARN_UNGUARDED_AVAILABILITY = YES_AGGRESSIVE;
				CLANG_WARN_UNREACHABLE_CODE = YES;
				CLANG_WARN__DUPLICATE_METHOD_MATCH = YES;
				COPY_PHASE_STRIP = NO;
				DEBUG_INFORMATION_FORMAT = "dwarf-with-dsym";
				ENABLE_NS_ASSERTIONS = NO;
				ENABLE_STRICT_OBJC_MSGSEND = YES;
				ENABLE_USER_SCRIPT_SANDBOXING = YES;
				GCC_C_LANGUAGE_STANDARD = gnu17;
				GCC_NO_COMMON_BLOCKS = YES;
				GCC_WARN_64_TO_32_BIT_CONVERSION = YES;
				GCC_WARN_ABOUT_RETURN_TYPE = YES_ERROR;
				GCC_WARN_UNDECLARED_SELECTOR = YES;
				GCC_WARN_UNINITIALIZED_AUTOS = YES_AGGRESSIVE;
				GCC_WARN_UNUSED_FUNCTION = YES;
				GCC_WARN_UNUSED_VARIABLE = YES;
				IPHONEOS_DEPLOYMENT_TARGET = 17.0;
				LOCALIZATION_PREFERS_STRING_CATALOGS = YES;
				MTL_ENABLE_DEBUG_INFO = NO;
				MTL_FAST_MATH = YES;
				SDKROOT = iphoneos;
				SWIFT_COMPILATION_MODE = wholemodule;
				VALIDATE_PRODUCT = YES;
			};
			name = Release;
		};
		E479FB4D2B27436900A4EEDB /* Debug */ = {
			isa = XCBuildConfiguration;
			buildSettings = {
				ASSETCATALOG_COMPILER_APPICON_NAME = AppIcon;
				ASSETCATALOG_COMPILER_GLOBAL_ACCENT_COLOR_NAME = AccentColor;
				CODE_SIGN_STYLE = Automatic;
				CURRENT_PROJECT_VERSION = 1;
				DEVELOPMENT_ASSET_PATHS = "\"ImprovedCombine/Preview Content\"";
				DEVELOPMENT_TEAM = 748RM22H5Z;
				ENABLE_PREVIEWS = YES;
				GENERATE_INFOPLIST_FILE = YES;
				INFOPLIST_KEY_UIApplicationSceneManifest_Generation = YES;
				INFOPLIST_KEY_UIApplicationSupportsIndirectInputEvents = YES;
				INFOPLIST_KEY_UILaunchScreen_Generation = YES;
				INFOPLIST_KEY_UISupportedInterfaceOrientations_iPad = "UIInterfaceOrientationPortrait UIInterfaceOrientationPortraitUpsideDown UIInterfaceOrientationLandscapeLeft UIInterfaceOrientationLandscapeRight";
				INFOPLIST_KEY_UISupportedInterfaceOrientations_iPhone = "UIInterfaceOrientationPortrait UIInterfaceOrientationLandscapeLeft UIInterfaceOrientationLandscapeRight";
				LD_RUNPATH_SEARCH_PATHS = (
					"$(inherited)",
					"@executable_path/Frameworks",
				);
				MARKETING_VERSION = 1.0;
				PRODUCT_BUNDLE_IDENTIFIER = EliId.ImprovedCombine;
				PRODUCT_NAME = "$(TARGET_NAME)";
				SWIFT_EMIT_LOC_STRINGS = YES;
				SWIFT_VERSION = 5.0;
				TARGETED_DEVICE_FAMILY = "1,2";
			};
			name = Debug;
		};
		E479FB4E2B27436900A4EEDB /* Release */ = {
			isa = XCBuildConfiguration;
			buildSettings = {
				ASSETCATALOG_COMPILER_APPICON_NAME = AppIcon;
				ASSETCATALOG_COMPILER_GLOBAL_ACCENT_COLOR_NAME = AccentColor;
				CODE_SIGN_STYLE = Automatic;
				CURRENT_PROJECT_VERSION = 1;
				DEVELOPMENT_ASSET_PATHS = "\"ImprovedCombine/Preview Content\"";
				DEVELOPMENT_TEAM = 748RM22H5Z;
				ENABLE_PREVIEWS = YES;
				GENERATE_INFOPLIST_FILE = YES;
				INFOPLIST_KEY_UIApplicationSceneManifest_Generation = YES;
				INFOPLIST_KEY_UIApplicationSupportsIndirectInputEvents = YES;
				INFOPLIST_KEY_UILaunchScreen_Generation = YES;
				INFOPLIST_KEY_UISupportedInterfaceOrientations_iPad = "UIInterfaceOrientationPortrait UIInterfaceOrientationPortraitUpsideDown UIInterfaceOrientationLandscapeLeft UIInterfaceOrientationLandscapeRight";
				INFOPLIST_KEY_UISupportedInterfaceOrientations_iPhone = "UIInterfaceOrientationPortrait UIInterfaceOrientationLandscapeLeft UIInterfaceOrientationLandscapeRight";
				LD_RUNPATH_SEARCH_PATHS = (
					"$(inherited)",
					"@executable_path/Frameworks",
				);
				MARKETING_VERSION = 1.0;
				PRODUCT_BUNDLE_IDENTIFIER = EliId.ImprovedCombine;
				PRODUCT_NAME = "$(TARGET_NAME)";
				SWIFT_EMIT_LOC_STRINGS = YES;
				SWIFT_VERSION = 5.0;
				TARGETED_DEVICE_FAMILY = "1,2";
			};
			name = Release;
		};
/* End XCBuildConfiguration section */

/* Begin XCConfigurationList section */
		E479FB392B27436800A4EEDB /* Build configuration list for PBXProject "ImprovedCombine" */ = {
			isa = XCConfigurationList;
			buildConfigurations = (
				E479FB4A2B27436900A4EEDB /* Debug */,
				E479FB4B2B27436900A4EEDB /* Release */,
			);
			defaultConfigurationIsVisible = 0;
			defaultConfigurationName = Release;
		};
		E479FB4C2B27436900A4EEDB /* Build configuration list for PBXNativeTarget "ImprovedCombine" */ = {
			isa = XCConfigurationList;
			buildConfigurations = (
				E479FB4D2B27436900A4EEDB /* Debug */,
				E479FB4E2B27436900A4EEDB /* Release */,
			);
			defaultConfigurationIsVisible = 0;
			defaultConfigurationName = Release;
		};
/* End XCConfigurationList section */
	};
	rootObject = E479FB362B27436800A4EEDB /* Project object */;
}
